
Microsoft Visual Studio Solution File, Format Version 12.00
# Visual Studio Version 17
VisualStudioVersion = 17.9.34622.214
MinimumVisualStudioVersion = 10.0.40219.1
Project("{FAE04EC0-301F-11D3-BF4B-00C04F79EFBC}") = "Not_Kayit_Sistemi", "Not_Kayit_Sistemi\Not_Kayit_Sistemi.csproj", "{9BA6E696-F896-40CD-8E17-7C1689FCB34D}"
EndProject
Global
	GlobalSection(SolutionConfigurationPlatforms) = preSolution
		Debug|Any CPU = Debug|Any CPU
		Release|Any CPU = Release|Any CPU
	EndGlobalSection
	GlobalSection(ProjectConfigurationPlatforms) = postSolution
		{9BA6E696-F896-40CD-8E17-7C1689FCB34D}.Debug|Any CPU.ActiveCfg = Debug|Any CPU
		{9BA6E696-F896-40CD-8E17-7C1689FCB34D}.Debug|Any CPU.Build.0 = Debug|Any CPU
		{9BA6E696-F896-40CD-8E17-7C1689FCB34D}.Release|Any CPU.ActiveCfg = Release|Any CPU
		{9BA6E696-F896-40CD-8E17-7C1689FCB34D}.Release|Any CPU.Build.0 = Release|Any CPU
	EndGlobalSection
	GlobalSection(SolutionProperties) = preSolution
		HideSolutionNode = FALSE
	EndGlobalSection
	GlobalSection(ExtensibilityGlobals) = postSolution
		SolutionGuid = {5FE70992-5480-4D31-8F73-7ED05BDB2331}
	EndGlobalSection
EndGlobal
